Microsoft Visual Studio Solution File, Format Version 12.00
# Visual Studio Version 18
VisualStudioVersion = 18.3.11512.155
MinimumVisualStudioVersion = 10.0.40219.1
Project("{FAE04EC0-301F-11D3-BF4B-00C04F79EFBC}") = "ArborNet.Core", "ArborNet.Core\ArborNet.Core.csproj", "{A1B2C3D4-E5F6-1234-5678-9ABCDEF01234}"
	ProjectSection(ProjectDependencies) = postProject
		{F3569980-7F63-43E0-B832-2D74E2015181} = {F3569980-7F63-43E0-B832-2D74E2015181}
	EndProjectSection
EndProject
Project("{FAE04EC0-301F-11D3-BF4B-00C04F79EFBC}") = "ArborNet.Layers", "ArborNet.Layers\ArborNet.Layers.csproj", "{C3D4E5F6-A1B2-3456-789A-CDEF01234567}"
EndProject
Project("{FAE04EC0-301F-11D3-BF4B-00C04F79EFBC}") = "ArborNet.Data", "ArborNet.Data\ArborNet.Data.csproj", "{E5F6A1B2-C3D4-6789-ABCD-EF012345678A}"
EndProject
Project("{FAE04EC0-301F-11D3-BF4B-00C04F79EFBC}") = "ArborNet.Export", "ArborNet.Export\ArborNet.Export.csproj", "{F6A1B2C3-D4E5-789A-BCDE-F0123456789B}"
EndProject
Project("{FAE04EC0-301F-11D3-BF4B-00C04F79EFBC}") = "ArborNet.Losses", "ArborNet.Losses\ArborNet.Losses.csproj", "{B2C3D4E5-F6A1-9ABC-DEF0-123456789BCD}"
EndProject
Project("{FAE04EC0-301F-11D3-BF4B-00C04F79EFBC}") = "ArborNet.Models", "ArborNet.Models\ArborNet.Models.csproj", "{C3D4E5F6-A1B2-ABCD-EF01-23456789BCDE}"
EndProject
Project("{FAE04EC0-301F-11D3-BF4B-00C04F79EFBC}") = "ArborNet.Optimizers", "ArborNet.Optimizers\ArborNet.Optimizers.csproj", "{D4E5F6A1-B2C3-BCDE-F012-3456789ABCDF}"
EndProject
Project("{FAE04EC0-301F-11D3-BF4B-00C04F79EFBC}") = "ArborNet.Trainers", "ArborNet.Trainers\ArborNet.Trainers.csproj", "{E5F6A1B2-C3D4-CDEF-0123-456789ABCDEF}"
EndProject
Project("{FAE04EC0-301F-11D3-BF4B-00C04F79EFBC}") = "ArborNet.Docs", "ArborNet.Docs\ArborNet.Docs.csproj", "{A1A62EC8-BC86-B8E2-49AE-777F644DA51D}"
EndProject
Project("{FAE04EC0-301F-11D3-BF4B-00C04F79EFBC}") = "ArborNet.Tests", "ArborNet.Tests\ArborNet.Tests.csproj", "{F67AC333-81D7-4EF0-AF0F-9597510F4461}"
EndProject
Project("{FAE04EC0-301F-11D3-BF4B-00C04F79EFBC}") = "ArborNet.Fluent", "ArborNet.Fluent\ArborNet.Fluent.csproj", "{335C6CC2-D72E-4ABB-AEEE-E42BB340E97B}"
EndProject
Project("{FAE04EC0-301F-11D3-BF4B-00C04F79EFBC}") = "MSBuildTask", "MSBuildTask\MSBuildTask.csproj", "{F3569980-7F63-43E0-B832-2D74E2015181}"
EndProject
Project("{8BC9CEB8-8B4A-11D0-8D11-00A0C91BC942}") = "CudaBackend", "CudaBackend\CudaBackend.vcxproj", "{E91A8500-B7EB-4629-A3F5-33BCB528937F}"
EndProject
Global
	GlobalSection(SolutionConfigurationPlatforms) = preSolution
		Debug|Any CPU = Debug|Any CPU
		Debug|x64 = Debug|x64
		Debug|x86 = Debug|x86
		Release|Any CPU = Release|Any CPU
		Release|x64 = Release|x64
		Release|x86 = Release|x86
	EndGlobalSection
	GlobalSection(ProjectConfigurationPlatforms) = postSolution
		{A1B2C3D4-E5F6-1234-5678-9ABCDEF01234}.Debug|Any CPU.ActiveCfg = Debug|Any CPU
		{A1B2C3D4-E5F6-1234-5678-9ABCDEF01234}.Debug|Any CPU.Build.0 = Debug|Any CPU
		{A1B2C3D4-E5F6-1234-5678-9ABCDEF01234}.Debug|x64.ActiveCfg = Debug|Any CPU
		{A1B2C3D4-E5F6-1234-5678-9ABCDEF01234}.Debug|x64.Build.0 = Debug|Any CPU
		{A1B2C3D4-E5F6-1234-5678-9ABCDEF01234}.Debug|x86.ActiveCfg = Debug|Any CPU
		{A1B2C3D4-E5F6-1234-5678-9ABCDEF01234}.Debug|x86.Build.0 = Debug|Any CPU
		{A1B2C3D4-E5F6-1234-5678-9ABCDEF01234}.Release|Any CPU.ActiveCfg = Release|Any CPU
		{A1B2C3D4-E5F6-1234-5678-9ABCDEF01234}.Release|Any CPU.Build.0 = Release|Any CPU
		{A1B2C3D4-E5F6-1234-5678-9ABCDEF01234}.Release|x64.ActiveCfg = Release|Any CPU
		{A1B2C3D4-E5F6-1234-5678-9ABCDEF01234}.Release|x64.Build.0 = Release|Any CPU
		{A1B2C3D4-E5F6-1234-5678-9ABCDEF01234}.Release|x86.ActiveCfg = Release|Any CPU
		{A1B2C3D4-E5F6-1234-5678-9ABCDEF01234}.Release|x86.Build.0 = Release|Any CPU
		{C3D4E5F6-A1B2-3456-789A-CDEF01234567}.Debug|Any CPU.ActiveCfg = Debug|Any CPU
		{C3D4E5F6-A1B2-3456-789A-CDEF01234567}.Debug|Any CPU.Build.0 = Debug|Any CPU
		{C3D4E5F6-A1B2-3456-789A-CDEF01234567}.Debug|x64.ActiveCfg = Debug|Any CPU
		{C3D4E5F6-A1B2-3456-789A-CDEF01234567}.Debug|x64.Build.0 = Debug|Any CPU
		{C3D4E5F6-A1B2-3456-789A-CDEF01234567}.Debug|x86.ActiveCfg = Debug|Any CPU
		{C3D4E5F6-A1B2-3456-789A-CDEF01234567}.Debug|x86.Build.0 = Debug|Any CPU
		{C3D4E5F6-A1B2-3456-789A-CDEF01234567}.Release|Any CPU.ActiveCfg = Release|Any CPU
		{C3D4E5F6-A1B2-3456-789A-CDEF01234567}.Release|Any CPU.Build.0 = Release|Any CPU
		{C3D4E5F6-A1B2-3456-789A-CDEF01234567}.Release|x64.ActiveCfg = Release|Any CPU
		{C3D4E5F6-A1B2-3456-789A-CDEF01234567}.Release|x64.Build.0 = Release|Any CPU
		{C3D4E5F6-A1B2-3456-789A-CDEF01234567}.Release|x86.ActiveCfg = Release|Any CPU
		{C3D4E5F6-A1B2-3456-789A-CDEF01234567}.Release|x86.Build.0 = Release|Any CPU
		{E5F6A1B2-C3D4-6789-ABCD-EF012345678A}.Debug|Any CPU.ActiveCfg = Debug|Any CPU
		{E5F6A1B2-C3D4-6789-ABCD-EF012345678A}.Debug|Any CPU.Build.0 = Debug|Any CPU
		{E5F6A1B2-C3D4-6789-ABCD-EF012345678A}.Debug|x64.ActiveCfg = Debug|Any CPU
		{E5F6A1B2-C3D4-6789-ABCD-EF012345678A}.Debug|x64.Build.0 = Debug|Any CPU
		{E5F6A1B2-C3D4-6789-ABCD-EF012345678A}.Debug|x86.ActiveCfg = Debug|Any CPU
		{E5F6A1B2-C3D4-6789-ABCD-EF012345678A}.Debug|x86.Build.0 = Debug|Any CPU
		{E5F6A1B2-C3D4-6789-ABCD-EF012345678A}.Release|Any CPU.ActiveCfg = Release|Any CPU
		{E5F6A1B2-C3D4-6789-ABCD-EF012345678A}.Release|Any CPU.Build.0 = Release|Any CPU
		{E5F6A1B2-C3D4-6789-ABCD-EF012345678A}.Release|x64.ActiveCfg = Release|Any CPU
		{E5F6A1B2-C3D4-6789-ABCD-EF012345678A}.Release|x64.Build.0 = Release|Any CPU
		{E5F6A1B2-C3D4-6789-ABCD-EF012345678A}.Release|x86.ActiveCfg = Release|Any CPU
		{E5F6A1B2-C3D4-6789-ABCD-EF012345678A}.Release|x86.Build.0 = Release|Any CPU
		{F6A1B2C3-D4E5-789A-BCDE-F0123456789B}.Debug|Any CPU.ActiveCfg = Debug|Any CPU
		{F6A1B2C3-D4E5-789A-BCDE-F0123456789B}.Debug|Any CPU.Build.0 = Debug|Any CPU
		{F6A1B2C3-D4E5-789A-BCDE-F0123456789B}.Debug|x64.ActiveCfg = Debug|Any CPU
		{F6A1B2C3-D4E5-789A-BCDE-F0123456789B}.Debug|x64.Build.0 = Debug|Any CPU
		{F6A1B2C3-D4E5-789A-BCDE-F0123456789B}.Debug|x86.ActiveCfg = Debug|Any CPU
		{F6A1B2C3-D4E5-789A-BCDE-F0123456789B}.Debug|x86.Build.0 = Debug|Any CPU
		{F6A1B2C3-D4E5-789A-BCDE-F0123456789B}.Release|Any CPU.ActiveCfg = Release|Any CPU
		{F6A1B2C3-D4E5-789A-BCDE-F0123456789B}.Release|Any CPU.Build.0 = Release|Any CPU
		{F6A1B2C3-D4E5-789A-BCDE-F0123456789B}.Release|x64.ActiveCfg = Release|Any CPU
		{F6A1B2C3-D4E5-789A-BCDE-F0123456789B}.Release|x64.Build.0 = Release|Any CPU
		{F6A1B2C3-D4E5-789A-BCDE-F0123456789B}.Release|x86.ActiveCfg = Release|Any CPU
		{F6A1B2C3-D4E5-789A-BCDE-F0123456789B}.Release|x86.Build.0 = Release|Any CPU
		{B2C3D4E5-F6A1-9ABC-DEF0-123456789BCD}.Debug|Any CPU.ActiveCfg = Debug|Any CPU
		{B2C3D4E5-F6A1-9ABC-DEF0-123456789BCD}.Debug|Any CPU.Build.0 = Debug|Any CPU
		{B2C3D4E5-F6A1-9ABC-DEF0-123456789BCD}.Debug|x64.ActiveCfg = Debug|Any CPU
		{B2C3D4E5-F6A1-9ABC-DEF0-123456789BCD}.Debug|x64.Build.0 = Debug|Any CPU
		{B2C3D4E5-F6A1-9ABC-DEF0-123456789BCD}.Debug|x86.ActiveCfg = Debug|Any CPU
		{B2C3D4E5-F6A1-9ABC-DEF0-123456789BCD}.Debug|x86.Build.0 = Debug|Any CPU
		{B2C3D4E5-F6A1-9ABC-DEF0-123456789BCD}.Release|Any CPU.ActiveCfg = Release|Any CPU
		{B2C3D4E5-F6A1-9ABC-DEF0-123456789BCD}.Release|Any CPU.Build.0 = Release|Any CPU
		{B2C3D4E5-F6A1-9ABC-DEF0-123456789BCD}.Release|x64.ActiveCfg = Release|Any CPU
		{B2C3D4E5-F6A1-9ABC-DEF0-123456789BCD}.Release|x64.Build.0 = Release|Any CPU
		{B2C3D4E5-F6A1-9ABC-DEF0-123456789BCD}.Release|x86.ActiveCfg = Release|Any CPU
		{B2C3D4E5-F6A1-9ABC-DEF0-123456789BCD}.Release|x86.Build.0 = Release|Any CPU
		{C3D4E5F6-A1B2-ABCD-EF01-23456789BCDE}.Debug|Any CPU.ActiveCfg = Debug|Any CPU
		{C3D4E5F6-A1B2-ABCD-EF01-23456789BCDE}.Debug|Any CPU.Build.0 = Debug|Any CPU
		{C3D4E5F6-A1B2-ABCD-EF01-23456789BCDE}.Debug|x64.ActiveCfg = Debug|Any CPU
		{C3D4E5F6-A1B2-ABCD-EF01-23456789BCDE}.Debug|x64.Build.0 = Debug|Any CPU
		{C3D4E5F6-A1B2-ABCD-EF01-23456789BCDE}.Debug|x86.ActiveCfg = Debug|Any CPU
		{C3D4E5F6-A1B2-ABCD-EF01-23456789BCDE}.Debug|x86.Build.0 = Debug|Any CPU
		{C3D4E5F6-A1B2-ABCD-EF01-23456789BCDE}.Release|Any CPU.ActiveCfg = Release|Any CPU
		{C3D4E5F6-A1B2-ABCD-EF01-23456789BCDE}.Release|Any CPU.Build.0 = Release|Any CPU
		{C3D4E5F6-A1B2-ABCD-EF01-23456789BCDE}.Release|x64.ActiveCfg = Release|Any CPU
		{C3D4E5F6-A1B2-ABCD-EF01-23456789BCDE}.Release|x64.Build.0 = Release|Any CPU
		{C3D4E5F6-A1B2-ABCD-EF01-23456789BCDE}.Release|x86.ActiveCfg = Release|Any CPU
		{C3D4E5F6-A1B2-ABCD-EF01-23456789BCDE}.Release|x86.Build.0 = Release|Any CPU
		{D4E5F6A1-B2C3-BCDE-F012-3456789ABCDF}.Debug|Any CPU.ActiveCfg = Debug|Any CPU
		{D4E5F6A1-B2C3-BCDE-F012-3456789ABCDF}.Debug|Any CPU.Build.0 = Debug|Any CPU
		{D4E5F6A1-B2C3-BCDE-F012-3456789ABCDF}.Debug|x64.ActiveCfg = Debug|Any CPU
		{D4E5F6A1-B2C3-BCDE-F012-3456789ABCDF}.Debug|x64.Build.0 = Debug|Any CPU
		{D4E5F6A1-B2C3-BCDE-F012-3456789ABCDF}.Debug|x86.ActiveCfg = Debug|Any CPU
		{D4E5F6A1-B2C3-BCDE-F012-3456789ABCDF}.Debug|x86.Build.0 = Debug|Any CPU
		{D4E5F6A1-B2C3-BCDE-F012-3456789ABCDF}.Release|Any CPU.ActiveCfg = Release|Any CPU
		{D4E5F6A1-B2C3-BCDE-F012-3456789ABCDF}.Release|Any CPU.Build.0 = Release|Any CPU
		{D4E5F6A1-B2C3-BCDE-F012-3456789ABCDF}.Release|x64.ActiveCfg = Release|Any CPU
		{D4E5F6A1-B2C3-BCDE-F012-3456789ABCDF}.Release|x64.Build.0 = Release|Any CPU
		{D4E5F6A1-B2C3-BCDE-F012-3456789ABCDF}.Release|x86.ActiveCfg = Release|Any CPU
		{D4E5F6A1-B2C3-BCDE-F012-3456789ABCDF}.Release|x86.Build.0 = Release|Any CPU
		{E5F6A1B2-C3D4-CDEF-0123-456789ABCDEF}.Debug|Any CPU.ActiveCfg = Debug|Any CPU
		{E5F6A1B2-C3D4-CDEF-0123-456789ABCDEF}.Debug|Any CPU.Build.0 = Debug|Any CPU
		{E5F6A1B2-C3D4-CDEF-0123-456789ABCDEF}.Debug|x64.ActiveCfg = Debug|Any CPU
		{E5F6A1B2-C3D4-CDEF-0123-456789ABCDEF}.Debug|x64.Build.0 = Debug|Any CPU
		{E5F6A1B2-C3D4-CDEF-0123-456789ABCDEF}.Debug|x86.ActiveCfg = Debug|Any CPU
		{E5F6A1B2-C3D4-CDEF-0123-456789ABCDEF}.Debug|x86.Build.0 = Debug|Any CPU
		{E5F6A1B2-C3D4-CDEF-0123-456789ABCDEF}.Release|Any CPU.ActiveCfg = Release|Any CPU
		{E5F6A1B2-C3D4-CDEF-0123-456789ABCDEF}.Release|Any CPU.Build.0 = Release|Any CPU
		{E5F6A1B2-C3D4-CDEF-0123-456789ABCDEF}.Release|x64.ActiveCfg = Release|Any CPU
		{E5F6A1B2-C3D4-CDEF-0123-456789ABCDEF}.Release|x64.Build.0 = Release|Any CPU
		{E5F6A1B2-C3D4-CDEF-0123-456789ABCDEF}.Release|x86.ActiveCfg = Release|Any CPU
		{E5F6A1B2-C3D4-CDEF-0123-456789ABCDEF}.Release|x86.Build.0 = Release|Any CPU
		{A1A62EC8-BC86-B8E2-49AE-777F644DA51D}.Debug|Any CPU.ActiveCfg = Debug|Any CPU
		{A1A62EC8-BC86-B8E2-49AE-777F644DA51D}.Debug|Any CPU.Build.0 = Debug|Any CPU
		{A1A62EC8-BC86-B8E2-49AE-777F644DA51D}.Debug|x64.ActiveCfg = Debug|Any CPU
		{A1A62EC8-BC86-B8E2-49AE-777F644DA51D}.Debug|x64.Build.0 = Debug|Any CPU
		{A1A62EC8-BC86-B8E2-49AE-777F644DA51D}.Debug|x86.ActiveCfg = Debug|Any CPU
		{A1A62EC8-BC86-B8E2-49AE-777F644DA51D}.Debug|x86.Build.0 = Debug|Any CPU
		{A1A62EC8-BC86-B8E2-49AE-777F644DA51D}.Release|Any CPU.ActiveCfg = Release|Any CPU
		{A1A62EC8-BC86-B8E2-49AE-777F644DA51D}.Release|Any CPU.Build.0 = Release|Any CPU
		{A1A62EC8-BC86-B8E2-49AE-777F644DA51D}.Release|x64.ActiveCfg = Release|Any CPU
		{A1A62EC8-BC86-B8E2-49AE-777F644DA51D}.Release|x64.Build.0 = Release|Any CPU
		{A1A62EC8-BC86-B8E2-49AE-777F644DA51D}.Release|x86.ActiveCfg = Release|Any CPU
		{A1A62EC8-BC86-B8E2-49AE-777F644DA51D}.Release|x86.Build.0 = Release|Any CPU
		{F67AC333-81D7-4EF0-AF0F-9597510F4461}.Debug|Any CPU.ActiveCfg = Debug|Any CPU
		{F67AC333-81D7-4EF0-AF0F-9597510F4461}.Debug|Any CPU.Build.0 = Debug|Any CPU
		{F67AC333-81D7-4EF0-AF0F-9597510F4461}.Debug|x64.ActiveCfg = Debug|Any CPU
		{F67AC333-81D7-4EF0-AF0F-9597510F4461}.Debug|x64.Build.0 = Debug|Any CPU
		{F67AC333-81D7-4EF0-AF0F-9597510F4461}.Debug|x86.ActiveCfg = Debug|Any CPU
		{F67AC333-81D7-4EF0-AF0F-9597510F4461}.Debug|x86.Build.0 = Debug|Any CPU
		{F67AC333-81D7-4EF0-AF0F-9597510F4461}.Release|Any CPU.ActiveCfg = Release|Any CPU
		{F67AC333-81D7-4EF0-AF0F-9597510F4461}.Release|Any CPU.Build.0 = Release|Any CPU
		{F67AC333-81D7-4EF0-AF0F-9597510F4461}.Release|x64.ActiveCfg = Release|Any CPU
		{F67AC333-81D7-4EF0-AF0F-9597510F4461}.Release|x64.Build.0 = Release|Any CPU
		{F67AC333-81D7-4EF0-AF0F-9597510F4461}.Release|x86.ActiveCfg = Release|Any CPU
		{F67AC333-81D7-4EF0-AF0F-9597510F4461}.Release|x86.Build.0 = Release|Any CPU
		{335C6CC2-D72E-4ABB-AEEE-E42BB340E97B}.Debug|Any CPU.ActiveCfg = Debug|Any CPU
		{335C6CC2-D72E-4ABB-AEEE-E42BB340E97B}.Debug|Any CPU.Build.0 = Debug|Any CPU
		{335C6CC2-D72E-4ABB-AEEE-E42BB340E97B}.Debug|x64.ActiveCfg = Debug|Any CPU
		{335C6CC2-D72E-4ABB-AEEE-E42BB340E97B}.Debug|x64.Build.0 = Debug|Any CPU
		{335C6CC2-D72E-4ABB-AEEE-E42BB340E97B}.Debug|x86.ActiveCfg = Debug|Any CPU
		{335C6CC2-D72E-4ABB-AEEE-E42BB340E97B}.Debug|x86.Build.0 = Debug|Any CPU
		{335C6CC2-D72E-4ABB-AEEE-E42BB340E97B}.Release|Any CPU.ActiveCfg = Release|Any CPU
		{335C6CC2-D72E-4ABB-AEEE-E42BB340E97B}.Release|Any CPU.Build.0 = Release|Any CPU
		{335C6CC2-D72E-4ABB-AEEE-E42BB340E97B}.Release|x64.ActiveCfg = Release|Any CPU
		{335C6CC2-D72E-4ABB-AEEE-E42BB340E97B}.Release|x64.Build.0 = Release|Any CPU
		{335C6CC2-D72E-4ABB-AEEE-E42BB340E97B}.Release|x86.ActiveCfg = Release|Any CPU
		{335C6CC2-D72E-4ABB-AEEE-E42BB340E97B}.Release|x86.Build.0 = Release|Any CPU
		{F3569980-7F63-43E0-B832-2D74E2015181}.Debug|Any CPU.ActiveCfg = Debug|Any CPU
		{F3569980-7F63-43E0-B832-2D74E2015181}.Debug|Any CPU.Build.0 = Debug|Any CPU
		{F3569980-7F63-43E0-B832-2D74E2015181}.Debug|x64.ActiveCfg = Debug|Any CPU
		{F3569980-7F63-43E0-B832-2D74E2015181}.Debug|x64.Build.0 = Debug|Any CPU
		{F3569980-7F63-43E0-B832-2D74E2015181}.Debug|x86.ActiveCfg = Debug|Any CPU
		{F3569980-7F63-43E0-B832-2D74E2015181}.Debug|x86.Build.0 = Debug|Any CPU
		{F3569980-7F63-43E0-B832-2D74E2015181}.Release|Any CPU.ActiveCfg = Release|Any CPU
		{F3569980-7F63-43E0-B832-2D74E2015181}.Release|Any CPU.Build.0 = Release|Any CPU
		{F3569980-7F63-43E0-B832-2D74E2015181}.Release|x64.ActiveCfg = Release|Any CPU
		{F3569980-7F63-43E0-B832-2D74E2015181}.Release|x64.Build.0 = Release|Any CPU
		{F3569980-7F63-43E0-B832-2D74E2015181}.Release|x86.ActiveCfg = Release|Any CPU
		{F3569980-7F63-43E0-B832-2D74E2015181}.Release|x86.Build.0 = Release|Any CPU
		{E91A8500-B7EB-4629-A3F5-33BCB528937F}.Debug|Any CPU.ActiveCfg = Debug|x64
		{E91A8500-B7EB-4629-A3F5-33BCB528937F}.Debug|Any CPU.Build.0 = Debug|x64
		{E91A8500-B7EB-4629-A3F5-33BCB528937F}.Debug|x64.ActiveCfg = Debug|x64
		{E91A8500-B7EB-4629-A3F5-33BCB528937F}.Debug|x64.Build.0 = Debug|x64
		{E91A8500-B7EB-4629-A3F5-33BCB528937F}.Debug|x86.ActiveCfg = Debug|Win32
		{E91A8500-B7EB-4629-A3F5-33BCB528937F}.Debug|x86.Build.0 = Debug|Win32
		{E91A8500-B7EB-4629-A3F5-33BCB528937F}.Release|Any CPU.ActiveCfg = Release|x64
		{E91A8500-B7EB-4629-A3F5-33BCB528937F}.Release|Any CPU.Build.0 = Release|x64
		{E91A8500-B7EB-4629-A3F5-33BCB528937F}.Release|x64.ActiveCfg = Release|x64
		{E91A8500-B7EB-4629-A3F5-33BCB528937F}.Release|x64.Build.0 = Release|x64
		{E91A8500-B7EB-4629-A3F5-33BCB528937F}.Release|x86.ActiveCfg = Release|Win32
		{E91A8500-B7EB-4629-A3F5-33BCB528937F}.Release|x86.Build.0 = Release|Win32
	EndGlobalSection
	GlobalSection(SolutionProperties) = preSolution
		HideSolutionNode = FALSE
	EndGlobalSection
	GlobalSection(ExtensibilityGlobals) = postSolution
		SolutionGuid = {C0774A66-CE23-46FB-9D12-0A5FD97C2455}
	EndGlobalSection
EndGlobal
